
Microsoft Visual Studio Solution File, Format Version 12.00
# Visual Studio Version 17
VisualStudioVersion = 17.6.33717.318
MinimumVisualStudioVersion = 10.0.40219.1
Project("{2150E333-8FDC-42A3-9474-1A3956D46DE8}") = "src", "src", "{5D39E4B8-78D5-4CA7-B6F4-F1CC382931BA}"
EndProject
Project("{FAE04EC0-301F-11D3-BF4B-00C04F79EFBC}") = "AgileShop.WebApi", "src\AgileShop.WebApi\AgileShop.WebApi.csproj", "{C0348801-D48B-4765-B973-2AC508DE2CC8}"
EndProject
Project("{FAE04EC0-301F-11D3-BF4B-00C04F79EFBC}") = "AgileShop.Domain", "src\AgileShop.Domain\AgileShop.Domain.csproj", "{4012F7B7-E913-4EDC-9667-D097EEB61E2E}"
EndProject
Project("{FAE04EC0-301F-11D3-BF4B-00C04F79EFBC}") = "AgileShop.DataAccess", "src\AgileShop.DataAccess\AgileShop.DataAccess.csproj", "{623C6A49-0F17-43CB-ABD8-399857341D97}"
EndProject
Project("{FAE04EC0-301F-11D3-BF4B-00C04F79EFBC}") = "AgileShop.Service", "src\AgileShop.Service\AgileShop.Service.csproj", "{51820B26-21FE-4094-BF54-0082FFEC4938}"
EndProject
Project("{2150E333-8FDC-42A3-9474-1A3956D46DE8}") = "test", "test", "{09B78C73-0028-4A79-913D-F67478953FE2}"
EndProject
Project("{FAE04EC0-301F-11D3-BF4B-00C04F79EFBC}") = "AgileShop.UnitTest", "test\AgileShop.UnitTest\AgileShop.UnitTest.csproj", "{1CDBFB96-F6BE-4758-8699-43E44ED7DEBB}"
EndProject
Global
	GlobalSection(SolutionConfigurationPlatforms) = preSolution
		Debug|Any CPU = Debug|Any CPU
		Release|Any CPU = Release|Any CPU
	EndGlobalSection
	GlobalSection(ProjectConfigurationPlatforms) = postSolution
		{C0348801-D48B-4765-B973-2AC508DE2CC8}.Debug|Any CPU.ActiveCfg = Debug|Any CPU
		{C0348801-D48B-4765-B973-2AC508DE2CC8}.Debug|Any CPU.Build.0 = Debug|Any CPU
		{C0348801-D48B-4765-B973-2AC508DE2CC8}.Release|Any CPU.ActiveCfg = Release|Any CPU
		{C0348801-D48B-4765-B973-2AC508DE2CC8}.Release|Any CPU.Build.0 = Release|Any CPU
		{4012F7B7-E913-4EDC-9667-D097EEB61E2E}.Debug|Any CPU.ActiveCfg = Debug|Any CPU
		{4012F7B7-E913-4EDC-9667-D097EEB61E2E}.Debug|Any CPU.Build.0 = Debug|Any CPU
		{4012F7B7-E913-4EDC-9667-D097EEB61E2E}.Release|Any CPU.ActiveCfg = Release|Any CPU
		{4012F7B7-E913-4EDC-9667-D097EEB61E2E}.Release|Any CPU.Build.0 = Release|Any CPU
		{623C6A49-0F17-43CB-ABD8-399857341D97}.Debug|Any CPU.ActiveCfg = Debug|Any CPU
		{623C6A49-0F17-43CB-ABD8-399857341D97}.Debug|Any CPU.Build.0 = Debug|Any CPU
		{623C6A49-0F17-43CB-ABD8-399857341D97}.Release|Any CPU.ActiveCfg = Release|Any CPU
		{623C6A49-0F17-43CB-ABD8-399857341D97}.Release|Any CPU.Build.0 = Release|Any CPU
		{51820B26-21FE-4094-BF54-0082FFEC4938}.Debug|Any CPU.ActiveCfg = Debug|Any CPU
		{51820B26-21FE-4094-BF54-0082FFEC4938}.Debug|Any CPU.Build.0 = Debug|Any CPU
		{51820B26-21FE-4094-BF54-0082FFEC4938}.Release|Any CPU.ActiveCfg = Release|Any CPU
		{51820B26-21FE-4094-BF54-0082FFEC4938}.Release|Any CPU.Build.0 = Release|Any CPU
		{1CDBFB96-F6BE-4758-8699-43E44ED7DEBB}.Debug|Any CPU.ActiveCfg = Debug|Any CPU
		{1CDBFB96-F6BE-4758-8699-43E44ED7DEBB}.Debug|Any CPU.Build.0 = Debug|Any CPU
		{1CDBFB96-F6BE-4758-8699-43E44ED7DEBB}.Release|Any CPU.ActiveCfg = Release|Any CPU
		{1CDBFB96-F6BE-4758-8699-43E44ED7DEBB}.Release|Any CPU.Build.0 = Release|Any CPU
	EndGlobalSection
	GlobalSection(SolutionProperties) = preSolution
		HideSolutionNode = FALSE
	EndGlobalSection
	GlobalSection(NestedProjects) = preSolution
		{C0348801-D48B-4765-B973-2AC508DE2CC8} = {5D39E4B8-78D5-4CA7-B6F4-F1CC382931BA}
		{4012F7B7-E913-4EDC-9667-D097EEB61E2E} = {5D39E4B8-78D5-4CA7-B6F4-F1CC382931BA}
		{623C6A49-0F17-43CB-ABD8-399857341D97} = {5D39E4B8-78D5-4CA7-B6F4-F1CC382931BA}
		{51820B26-21FE-4094-BF54-0082FFEC4938} = {5D39E4B8-78D5-4CA7-B6F4-F1CC382931BA}
		{1CDBFB96-F6BE-4758-8699-43E44ED7DEBB} = {09B78C73-0028-4A79-913D-F67478953FE2}
	EndGlobalSection
	GlobalSection(ExtensibilityGlobals) = postSolution
		SolutionGuid = {CD1BC0E4-B718-4005-A701-9769AD82A5E5}
	EndGlobalSection
EndGlobal
